%{"bbmustache": {:hex, :bbmustache, "1.0.3"},
  "certifi": {:hex, :certifi, "0.3.0"},
  "conform": {:hex, :conform, "0.16.0"},
  "connection": {:hex, :connection, "1.0.2"},
  "cowboy": {:hex, :cowboy, "1.0.4"},
  "cowlib": {:hex, :cowlib, "1.0.2"},
  "decimal": {:hex, :decimal, "1.1.1"},
  "earmark": {:hex, :earmark, "0.2.1"},
  "ecto": {:hex, :ecto, "1.1.1"},
  "erlware_commons": {:hex, :erlware_commons, "0.15.0"},
  "exrm": {:git, "https://github.com/bitwalker/exrm.git", "49bfadadf0bd540dda2b55613577c2e57d6d2f25", []},
  "fs": {:hex, :fs, "0.9.2"},
  "getopt": {:hex, :getopt, "0.8.2"},
  "hackney": {:hex, :hackney, "1.4.8"},
  "httpoison": {:git, "https://github.com/edgurgel/httpoison.git", "535f76c33b5708a89ec56b8186cb4039e81efe66", []},
  "idna": {:hex, :idna, "1.0.3"},
  "logger_file_backend": {:git, "https://github.com/onkel-dirtus/logger_file_backend.git", "1a93ad84e12fa79f979fea2a70d1d1b0b1fe2899", []},
  "mimerl": {:hex, :mimerl, "1.0.2"},
  "neotoma": {:hex, :neotoma, "1.7.3"},
  "phoenix": {:git, "https://github.com/phoenixframework/phoenix.git", "264a7aa5af7c6aaff3473b54fe66e71a05453752", []},
  "phoenix_ecto": {:git, "https://github.com/phoenixframework/phoenix_ecto.git", "d7015a81f12cf769c1cbd036bed794d7097ec368", []},
  "phoenix_html": {:git, "https://github.com/phoenixframework/phoenix_html.git", "bb918c5caf3a66d3b960c349af0568f4f585305d", []},
  "phoenix_live_reload": {:git, "https://github.com/phoenixframework/phoenix_live_reload.git", "c96509fc2100cca1eb03725711702426a730dec5", []},
  "plug": {:hex, :plug, "1.1.0"},
  "poison": {:hex, :poison, "1.5.2"},
  "poolboy": {:hex, :poolboy, "1.5.1"},
  "postgrex": {:hex, :postgrex, "0.10.0"},
  "providers": {:hex, :providers, "1.4.1"},
  "ranch": {:hex, :ranch, "1.2.0"},
  "relx": {:hex, :relx, "3.5.0"},
  "reprise": {:git, "https://github.com/herenowcoder/reprise.git", "5b48e62893fc0093f985ca88508403e738d6b07c", []},
  "ssl_verify_hostname": {:hex, :ssl_verify_hostname, "1.0.5"}}
