%{"bbmustache": {:hex, :bbmustache, "1.0.3"},
  "certifi": {:hex, :certifi, "0.1.1"},
  "conform": {:hex, :conform, "0.16.0"},
  "connection": {:hex, :connection, "1.0.1"},
  "cowboy": {:hex, :cowboy, "1.0.4"},
  "cowlib": {:hex, :cowlib, "1.0.2"},
  "decimal": {:hex, :decimal, "1.1.0"},
  "ecto": {:hex, :ecto, "1.0.6"},
  "erlware_commons": {:hex, :erlware_commons, "0.15.0"},
  "exrm": {:git, "https://github.com/bitwalker/exrm.git", "ad35423774a196af1b6b711887f923f71ca61455", []},
  "fs": {:hex, :fs, "0.9.2"},
  "getopt": {:hex, :getopt, "0.8.2"},
  "hackney": {:hex, :hackney, "1.4.4"},
  "httpoison": {:git, "https://github.com/edgurgel/httpoison.git", "87aabe18be27bf25af2a4182b4754cd0a35aa1dd", []},
  "idna": {:hex, :idna, "1.0.2"},
  "logger_file_backend": {:git, "https://github.com/onkel-dirtus/logger_file_backend.git", "fae5c4177ce428167a6fd5f7be660acf0e182ae4", []},
  "mimerl": {:hex, :mimerl, "1.0.0"},
  "neotoma": {:hex, :neotoma, "1.7.3"},
  "phoenix": {:git, "https://github.com/phoenixframework/phoenix.git", "bb797d4016151189f212edfaf5db51bcdbd8941b", []},
  "phoenix_ecto": {:git, "https://github.com/phoenixframework/phoenix_ecto.git", "11126cac0b2648164b8ed27f652c86a950ec263c", []},
  "phoenix_html": {:git, "https://github.com/phoenixframework/phoenix_html.git", "0007701fa1336847206c1549636d10bc71ebc843", []},
  "phoenix_live_reload": {:git, "https://github.com/phoenixframework/phoenix_live_reload.git", "a024e1d9c5f7350f8d0d1efbc9b4c386b240cdad", []},
  "plug": {:hex, :plug, "1.0.2"},
  "poison": {:hex, :poison, "1.5.0"},
  "poolboy": {:hex, :poolboy, "1.5.1"},
  "postgrex": {:hex, :postgrex, "0.9.1"},
  "providers": {:hex, :providers, "1.4.1"},
  "ranch": {:hex, :ranch, "1.2.0"},
  "relx": {:hex, :relx, "3.5.0"},
  "reprise": {:git, "https://github.com/herenowcoder/reprise.git", "98ebd27a66cdce3cabc8ea98d2e94a7e28dda484", []},
  "ssl_verify_hostname": {:hex, :ssl_verify_hostname, "1.0.5"}}
