%{"bbmustache": {:hex, :bbmustache, "1.0.3"},
  "conform": {:hex, :conform, "0.16.0"},
  "connection": {:hex, :connection, "1.0.1"},
  "cowboy": {:hex, :cowboy, "1.0.3"},
  "cowlib": {:hex, :cowlib, "1.0.1"},
  "decimal": {:hex, :decimal, "1.1.0"},
  "ecto": {:hex, :ecto, "1.0.4"},
  "erlware_commons": {:hex, :erlware_commons, "0.15.0"},
  "exrm": {:git, "https://github.com/bitwalker/exrm.git", "f24dda2487c1938e5c670ac49f3a2833a00b824d", []},
  "fs": {:hex, :fs, "0.9.2"},
  "getopt": {:hex, :getopt, "0.8.2"},
  "hackney": {:hex, :hackney, "1.3.2"},
  "httpoison": {:git, "https://github.com/edgurgel/httpoison.git", "0a11d753d95a17dc42d38f3527ddd8c13d94cde6", []},
  "idna": {:hex, :idna, "1.0.2"},
  "logger_file_backend": {:git, "https://github.com/onkel-dirtus/logger_file_backend.git", "4ced23971bb38bdb4a45a868f350955a338ee7c2", []},
  "neotoma": {:hex, :neotoma, "1.7.3"},
  "phoenix": {:git, "https://github.com/phoenixframework/phoenix.git", "b9ebbc2b9241b59dcac5d9c6d66fa248efe68a9c", []},
  "phoenix_ecto": {:git, "https://github.com/phoenixframework/phoenix_ecto.git", "d469885c056d90280b11f599546575763e3e7c14", []},
  "phoenix_html": {:git, "https://github.com/phoenixframework/phoenix_html.git", "267ba86cdae660115c560a95829119db66b91ff4", []},
  "phoenix_live_reload": {:git, "https://github.com/phoenixframework/phoenix_live_reload.git", "a024e1d9c5f7350f8d0d1efbc9b4c386b240cdad", []},
  "plug": {:hex, :plug, "1.0.2"},
  "poison": {:hex, :poison, "1.5.0"},
  "poolboy": {:hex, :poolboy, "1.5.1"},
  "postgrex": {:git, "https://github.com/ericmj/postgrex.git", "8682dfa2f3d2020504ffc0c7dd636b291a15cfb7", []},
  "providers": {:hex, :providers, "1.4.1"},
  "ranch": {:hex, :ranch, "1.1.0"},
  "relx": {:hex, :relx, "3.5.0"},
  "reprise": {:git, "https://github.com/herenowcoder/reprise.git", "3efdf8675e1d4736cd259353161e1814b81ff351", []},
  "ssl_verify_hostname": {:hex, :ssl_verify_hostname, "1.0.5"}}
